// !$*UTF8*$!
{
	archiveVersion = 1;
	classes = {
	};
	objectVersion = 50;
	objects = {

/* Begin PBXBuildFile section */
		EB39FC6B24FC0DC7007119DD /* MathToken.swift in Sources */ = {isa = PBXBuildFile; fileRef = EB39FC6A24FC0DC7007119DD /* MathToken.swift */; };
		EB44C0C324E4F82E00E5CF0B /* AppDelegate.swift in Sources */ = {isa = PBXBuildFile; fileRef = EB44C0C224E4F82E00E5CF0B /* AppDelegate.swift */; };
		EB44C0C524E4F82E00E5CF0B /* SceneDelegate.swift in Sources */ = {isa = PBXBuildFile; fileRef = EB44C0C424E4F82E00E5CF0B /* SceneDelegate.swift */; };
		EB44C0C724E4F82E00E5CF0B /* ViewController.swift in Sources */ = {isa = PBXBuildFile; fileRef = EB44C0C624E4F82E00E5CF0B /* ViewController.swift */; };
		EB44C0CA24E4F82E00E5CF0B /* Main.storyboard in Resources */ = {isa = PBXBuildFile; fileRef = EB44C0C824E4F82E00E5CF0B /* Main.storyboard */; };
		EB44C0CC24E4F83000E5CF0B /* Assets.xcassets in Resources */ = {isa = PBXBuildFile; fileRef = EB44C0CB24E4F83000E5CF0B /* Assets.xcassets */; };
		EB44C0CF24E4F83000E5CF0B /* LaunchScreen.storyboard in Resources */ = {isa = PBXBuildFile; fileRef = EB44C0CD24E4F83000E5CF0B /* LaunchScreen.storyboard */; };
/* End PBXBuildFile section */

/* Begin PBXFileReference section */
		EB39FC6A24FC0DC7007119DD /* MathToken.swift */ = {isa = PBXFileReference; lastKnownFileType = sourcecode.swift; path = MathToken.swift; sourceTree = "<group>"; };
		EB44C0BF24E4F82E00E5CF0B /* Calculator.app */ = {isa = PBXFileReference; explicitFileType = wrapper.application; includeInIndex = 0; path = Calculator.app; sourceTree = BUILT_PRODUCTS_DIR; };
		EB44C0C224E4F82E00E5CF0B /* AppDelegate.swift */ = {isa = PBXFileReference; lastKnownFileType = sourcecode.swift; path = AppDelegate.swift; sourceTree = "<group>"; };
		EB44C0C424E4F82E00E5CF0B /* SceneDelegate.swift */ = {isa = PBXFileReference; lastKnownFileType = sourcecode.swift; path = SceneDelegate.swift; sourceTree = "<group>"; };
		EB44C0C624E4F82E00E5CF0B /* ViewController.swift */ = {isa = PBXFileReference; lastKnownFileType = sourcecode.swift; path = ViewController.swift; sourceTree = "<group>"; };
		EB44C0C924E4F82E00E5CF0B /* Base */ = {isa = PBXFileReference; lastKnownFileType = file.storyboard; name = Base; path = Base.lproj/Main.storyboard; sourceTree = "<group>"; };
		EB44C0CB24E4F83000E5CF0B /* Assets.xcassets */ = {isa = PBXFileReference; lastKnownFileType = folder.assetcatalog; path = Assets.xcassets; sourceTree = "<group>"; };
		EB44C0CE24E4F83000E5CF0B /* Base */ = {isa = PBXFileReference; lastKnownFileType = file.storyboard; name = Base; path = Base.lproj/LaunchScreen.storyboard; sourceTree = "<group>"; };
		EB44C0D024E4F83000E5CF0B /* Info.plist */ = {isa = PBXFileReference; lastKnownFileType = text.plist.xml; path = Info.plist; sourceTree = "<group>"; };
/* End PBXFileReference section */

/* Begin PBXFrameworksBuildPhase section */
		EB44C0BC24E4F82E00E5CF0B /* Frameworks */ = {
			isa = PBXFrameworksBuildPhase;
			buildActionMask = 2147483647;
			files = (
			);
			runOnlyForDeploymentPostprocessing = 0;
		};
/* End PBXFrameworksBuildPhase section */

/* Begin PBXGroup section */
		EB44C0B624E4F82E00E5CF0B = {
			isa = PBXGroup;
			children = (
				EB44C0C124E4F82E00E5CF0B /* Calculator */,
				EB44C0C024E4F82E00E5CF0B /* Products */,
			);
			sourceTree = "<group>";
		};
		EB44C0C024E4F82E00E5CF0B /* Products */ = {
			isa = PBXGroup;
			children = (
				EB44C0BF24E4F82E00E5CF0B /* Calculator.app */,
			);
			name = Products;
			sourceTree = "<group>";
		};
		EB44C0C124E4F82E00E5CF0B /* Calculator */ = {
			isa = PBXGroup;
			children = (
				EB44C0C224E4F82E00E5CF0B /* AppDelegate.swift */,
				EB44C0C424E4F82E00E5CF0B /* SceneDelegate.swift */,
				EB44C0C624E4F82E00E5CF0B /* ViewController.swift */,
				EB44C0C824E4F82E00E5CF0B /* Main.storyboard */,
				EB44C0CB24E4F83000E5CF0B /* Assets.xcassets */,
				EB44C0CD24E4F83000E5CF0B /* LaunchScreen.storyboard */,
				EB44C0D024E4F83000E5CF0B /* Info.plist */,
				EB39FC6A24FC0DC7007119DD /* MathToken.swift */,
			);
			path = Calculator;
			sourceTree = "<group>";
		};
/* End PBXGroup section */

/* Begin PBXNativeTarget section */
		EB44C0BE24E4F82E00E5CF0B /* Calculator */ = {
			isa = PBXNativeTarget;
			buildConfigurationList = EB44C0D324E4F83000E5CF0B /* Build configuration list for PBXNativeTarget "Calculator" */;
			buildPhases = (
				EB44C0BB24E4F82E00E5CF0B /* Sources */,
				EB44C0BC24E4F82E00E5CF0B /* Frameworks */,
				EB44C0BD24E4F82E00E5CF0B /* Resources */,
			);
			buildRules = (
			);
			dependencies = (
			);
			name = Calculator;
			productName = Calculator;
			productReference = EB44C0BF24E4F82E00E5CF0B /* Calculator.app */;
			productType = "com.apple.product-type.application";
		};
/* End PBXNativeTarget section */

/* Begin PBXProject section */
		EB44C0B724E4F82E00E5CF0B /* Project object */ = {
			isa = PBXProject;
			attributes = {
				LastSwiftUpdateCheck = 1150;
				LastUpgradeCheck = 1150;
				ORGANIZATIONNAME = "Pedro Pagán";
				TargetAttributes = {
					EB44C0BE24E4F82E00E5CF0B = {
						CreatedOnToolsVersion = 11.5;
					};
				};
			};
			buildConfigurationList = EB44C0BA24E4F82E00E5CF0B /* Build configuration list for PBXProject "Calculator" */;
			compatibilityVersion = "Xcode 9.3";
			developmentRegion = en;
			hasScannedForEncodings = 0;
			knownRegions = (
				en,
				Base,
			);
			mainGroup = EB44C0B624E4F82E00E5CF0B;
			productRefGroup = EB44C0C024E4F82E00E5CF0B /* Products */;
			projectDirPath = "";
			projectRoot = "";
			targets = (
				EB44C0BE24E4F82E00E5CF0B /* Calculator */,
			);
		};
/* End PBXProject section */

/* Begin PBXResourcesBuildPhase section */
		EB44C0BD24E4F82E00E5CF0B /* Resources */ = {
			isa = PBXResourcesBuildPhase;
			buildActionMask = 2147483647;
			files = (
				EB44C0CF24E4F83000E5CF0B /* LaunchScreen.storyboard in Resources */,
				EB44C0CC24E4F83000E5CF0B /* Assets.xcassets in Resources */,
				EB44C0CA24E4F82E00E5CF0B /* Main.storyboard in Resources */,
			);
			runOnlyForDeploymentPostprocessing = 0;
		};
/* End PBXResourcesBuildPhase section */

/* Begin PBXSourcesBuildPhase section */
		EB44C0BB24E4F82E00E5CF0B /* Sources */ = {
			isa = PBXSourcesBuildPhase;
			buildActionMask = 2147483647;
			files = (
				EB44C0C724E4F82E00E5CF0B /* ViewController.swift in Sources */,
				EB39FC6B24FC0DC7007119DD /* MathToken.swift in Sources */,
				EB44C0C324E4F82E00E5CF0B /* AppDelegate.swift in Sources */,
				EB44C0C524E4F82E00E5CF0B /* SceneDelegate.swift in Sources */,
			);
			runOnlyForDeploymentPostprocessing = 0;
		};
/* End PBXSourcesBuildPhase section */

/* Begin PBXVariantGroup section */
		EB44C0C824E4F82E00E5CF0B /* Main.storyboard */ = {
			isa = PBXVariantGroup;
			children = (
				EB44C0C924E4F82E00E5CF0B /* Base */,
			);
			name = Main.storyboard;
			sourceTree = "<group>";
		};
		EB44C0CD24E4F83000E5CF0B /* LaunchScreen.storyboard */ = {
			isa = PBXVariantGroup;
			children = (
				EB44C0CE24E4F83000E5CF0B /* Base */,
			);
			name = LaunchScreen.storyboard;
			sourceTree = "<group>";
		};
/* End PBXVariantGroup section */

/* Begin XCBuildConfiguration section */
		EB44C0D124E4F83000E5CF0B /* Debug */ = {
			isa = XCBuildConfiguration;
			buildSettings = {
				ALWAYS_SEARCH_USER_PATHS = NO;
				CLANG_ANALYZER_NONNULL = YES;
				CLANG_ANALYZER_NUMBER_OBJECT_CONVERSION = YES_AGGRESSIVE;
				CLANG_CXX_LANGUAGE_STANDARD = "gnu++14";
				CLANG_CXX_LIBRARY = "libc++";
				CLANG_ENABLE_MODULES = YES;
				CLANG_ENABLE_OBJC_ARC = YES;
				CLANG_ENABLE_OBJC_WEAK = YES;
				CLANG_WARN_BLOCK_CAPTURE_AUTORELEASING = YES;
				CLANG_WARN_BOOL_CONVERSION = YES;
				CLANG_WARN_COMMA = YES;
				CLANG_WARN_CONSTANT_CONVERSION = YES;
				CLANG_WARN_DEPRECATED_OBJC_IMPLEMENTATIONS = YES;
				CLANG_WARN_DIRECT_OBJC_ISA_USAGE = YES_ERROR;
				CLANG_WARN_DOCUMENTATION_COMMENTS = YES;
				CLANG_WARN_EMPTY_BODY = YES;
				CLANG_WARN_ENUM_CONVERSION = YES;
				CLANG_WARN_INFINITE_RECURSION = YES;
				CLANG_WARN_INT_CONVERSION = YES;
				CLANG_WARN_NON_LITERAL_NULL_CONVERSION = YES;
				CLANG_WARN_OBJC_IMPLICIT_RETAIN_SELF = YES;
				CLANG_WARN_OBJC_LITERAL_CONVERSION = YES;
				CLANG_WARN_OBJC_ROOT_CLASS = YES_ERROR;
				CLANG_WARN_RANGE_LOOP_ANALYSIS = YES;
				CLANG_WARN_STRICT_PROTOTYPES = YES;
				CLANG_WARN_SUSPICIOUS_MOVE = YES;
				CLANG_WARN_UNGUARDED_AVAILABILITY = YES_AGGRESSIVE;
				CLANG_WARN_UNREACHABLE_CODE = YES;
				CLANG_WARN__DUPLICATE_METHOD_MATCH = YES;
				COPY_PHASE_STRIP = NO;
				DEBUG_INFORMATION_FORMAT = dwarf;
				ENABLE_STRICT_OBJC_MSGSEND = YES;
				ENABLE_TESTABILITY = YES;
				GCC_C_LANGUAGE_STANDARD = gnu11;
				GCC_DYNAMIC_NO_PIC = NO;
				GCC_NO_COMMON_BLOCKS = YES;
				GCC_OPTIMIZATION_LEVEL = 0;
				GCC_PREPROCESSOR_DEFINITIONS = (
					"DEBUG=1",
					"$(inherited)",
				);
				GCC_WARN_64_TO_32_BIT_CONVERSION = YES;
				GCC_WARN_ABOUT_RETURN_TYPE = YES_ERROR;
				GCC_WARN_UNDECLARED_SELECTOR = YES;
				GCC_WARN_UNINITIALIZED_AUTOS = YES_AGGRESSIVE;
				GCC_WARN_UNUSED_FUNCTION = YES;
				GCC_WARN_UNUSED_VARIABLE = YES;
				IPHONEOS_DEPLOYMENT_TARGET = 13.5;
				MTL_ENABLE_DEBUG_INFO = INCLUDE_SOURCE;
				MTL_FAST_MATH = YES;
				ONLY_ACTIVE_ARCH = YES;
				SDKROOT = iphoneos;
				SWIFT_ACTIVE_COMPILATION_CONDITIONS = DEBUG;
				SWIFT_OPTIMIZATION_LEVEL = "-Onone";
			};
			name = Debug;
		};
		EB44C0D224E4F83000E5CF0B /* Release */ = {
			isa = XCBuildConfiguration;
			buildSettings = {
				ALWAYS_SEARCH_USER_PATHS = NO;
				CLANG_ANALYZER_NONNULL = YES;
				CLANG_ANALYZER_NUMBER_OBJECT_CONVERSION = YES_AGGRESSIVE;
				CLANG_CXX_LANGUAGE_STANDARD = "gnu++14";
				CLANG_CXX_LIBRARY = "libc++";
				CLANG_ENABLE_MODULES = YES;
				CLANG_ENABLE_OBJC_ARC = YES;
				CLANG_ENABLE_OBJC_WEAK = YES;
				CLANG_WARN_BLOCK_CAPTURE_AUTORELEASING = YES;
				CLANG_WARN_BOOL_CONVERSION = YES;
				CLANG_WARN_COMMA = YES;
				CLANG_WARN_CONSTANT_CONVERSION = YES;
				CLANG_WARN_DEPRECATED_OBJC_IMPLEMENTATIONS = YES;
				CLANG_WARN_DIRECT_OBJC_ISA_USAGE = YES_ERROR;
				CLANG_WARN_DOCUMENTATION_COMMENTS = YES;
				CLANG_WARN_EMPTY_BODY = YES;
				CLANG_WARN_ENUM_CONVERSION = YES;
				CLANG_WARN_INFINITE_RECURSION = YES;
				CLANG_WARN_INT_CONVERSION = YES;
				CLANG_WARN_NON_LITERAL_NULL_CONVERSION = YES;
				CLANG_WARN_OBJC_IMPLICIT_RETAIN_SELF = YES;
				CLANG_WARN_OBJC_LITERAL_CONVERSION = YES;
				CLANG_WARN_OBJC_ROOT_CLASS = YES_ERROR;
				CLANG_WARN_RANGE_LOOP_ANALYSIS = YES;
				CLANG_WARN_STRICT_PROTOTYPES = YES;
				CLANG_WARN_SUSPICIOUS_MOVE = YES;
				CLANG_WARN_UNGUARDED_AVAILABILITY = YES_AGGRESSIVE;
				CLANG_WARN_UNREACHABLE_CODE = YES;
				CLANG_WARN__DUPLICATE_METHOD_MATCH = YES;
				COPY_PHASE_STRIP = NO;
				DEBUG_INFORMATION_FORMAT = "dwarf-with-dsym";
				ENABLE_NS_ASSERTIONS = NO;
				ENABLE_STRICT_OBJC_MSGSEND = YES;
				GCC_C_LANGUAGE_STANDARD = gnu11;
				GCC_NO_COMMON_BLOCKS = YES;
				GCC_WARN_64_TO_32_BIT_CONVERSION = YES;
				GCC_WARN_ABOUT_RETURN_TYPE = YES_ERROR;
				GCC_WARN_UNDECLARED_SELECTOR = YES;
				GCC_WARN_UNINITIALIZED_AUTOS = YES_AGGRESSIVE;
				GCC_WARN_UNUSED_FUNCTION = YES;
				GCC_WARN_UNUSED_VARIABLE = YES;
				IPHONEOS_DEPLOYMENT_TARGET = 13.5;
				MTL_ENABLE_DEBUG_INFO = NO;
				MTL_FAST_MATH = YES;
				SDKROOT = iphoneos;
				SWIFT_COMPILATION_MODE = wholemodule;
				SWIFT_OPTIMIZATION_LEVEL = "-O";
				VALIDATE_PRODUCT = YES;
			};
			name = Release;
		};
		EB44C0D424E4F83000E5CF0B /* Debug */ = {
			isa = XCBuildConfiguration;
			buildSettings = {
				ASSETCATALOG_COMPILER_APPICON_NAME = AppIcon;
				CODE_SIGN_STYLE = Automatic;
				DEVELOPMENT_TEAM = QXPV4VVTUY;
				INFOPLIST_FILE = Calculator/Info.plist;
				LD_RUNPATH_SEARCH_PATHS = (
					"$(inherited)",
					"@executable_path/Frameworks",
				);
				PRODUCT_BUNDLE_IDENTIFIER = com.example.Calculator;
				PRODUCT_NAME = "$(TARGET_NAME)";
				SWIFT_VERSION = 5.0;
				TARGETED_DEVICE_FAMILY = "1,2";
			};
			name = Debug;
		};
		EB44C0D524E4F83000E5CF0B /* Release */ = {
			isa = XCBuildConfiguration;
			buildSettings = {
				ASSETCATALOG_COMPILER_APPICON_NAME = AppIcon;
				CODE_SIGN_STYLE = Automatic;
				DEVELOPMENT_TEAM = QXPV4VVTUY;
				INFOPLIST_FILE = Calculator/Info.plist;
				LD_RUNPATH_SEARCH_PATHS = (
					"$(inherited)",
					"@executable_path/Frameworks",
				);
				PRODUCT_BUNDLE_IDENTIFIER = com.example.Calculator;
				PRODUCT_NAME = "$(TARGET_NAME)";
				SWIFT_VERSION = 5.0;
				TARGETED_DEVICE_FAMILY = "1,2";
			};
			name = Release;
		};
/* End XCBuildConfiguration section */

/* Begin XCConfigurationList section */
		EB44C0BA24E4F82E00E5CF0B /* Build configuration list for PBXProject "Calculator" */ = {
			isa = XCConfigurationList;
			buildConfigurations = (
				EB44C0D124E4F83000E5CF0B /* Debug */,
				EB44C0D224E4F83000E5CF0B /* Release */,
			);
			defaultConfigurationIsVisible = 0;
			defaultConfigurationName = Release;
		};
		EB44C0D324E4F83000E5CF0B /* Build configuration list for PBXNativeTarget "Calculator" */ = {
			isa = XCConfigurationList;
			buildConfigurations = (
				EB44C0D424E4F83000E5CF0B /* Debug */,
				EB44C0D524E4F83000E5CF0B /* Release */,
			);
			defaultConfigurationIsVisible = 0;
			defaultConfigurationName = Release;
		};
/* End XCConfigurationList section */
	};
	rootObject = EB44C0B724E4F82E00E5CF0B /* Project object */;
}
